
Microsoft Visual Studio Solution File, Format Version 12.00
# Visual Studio 2012
Project("{FAE04EC0-301F-11D3-BF4B-00C04F79EFBC}") = "MetNewton", "MetNewton.csproj", "{A32563A0-30B5-4629-8215-003080AC19C9}"
EndProject
Project("{FAE04EC0-301F-11D3-BF4B-00C04F79EFBC}") = "MathMethods", "..\MathMethods\MathMethods.csproj", "{A01BEF25-DAE2-4DBF-A15A-BAE0F9E29A46}"
EndProject
Global
	GlobalSection(SolutionConfigurationPlatforms) = preSolution
		Debug|Any CPU = Debug|Any CPU
		Release|Any CPU = Release|Any CPU
	EndGlobalSection
	GlobalSection(ProjectConfigurationPlatforms) = postSolution
		{A32563A0-30B5-4629-8215-003080AC19C9}.Debug|Any CPU.ActiveCfg = Debug|Any CPU
		{A32563A0-30B5-4629-8215-003080AC19C9}.Debug|Any CPU.Build.0 = Debug|Any CPU
		{A32563A0-30B5-4629-8215-003080AC19C9}.Release|Any CPU.ActiveCfg = Release|Any CPU
		{A32563A0-30B5-4629-8215-003080AC19C9}.Release|Any CPU.Build.0 = Release|Any CPU
		{A01BEF25-DAE2-4DBF-A15A-BAE0F9E29A46}.Debug|Any CPU.ActiveCfg = Debug|Any CPU
		{A01BEF25-DAE2-4DBF-A15A-BAE0F9E29A46}.Debug|Any CPU.Build.0 = Debug|Any CPU
		{A01BEF25-DAE2-4DBF-A15A-BAE0F9E29A46}.Release|Any CPU.ActiveCfg = Release|Any CPU
		{A01BEF25-DAE2-4DBF-A15A-BAE0F9E29A46}.Release|Any CPU.Build.0 = Release|Any CPU
	EndGlobalSection
	GlobalSection(SolutionProperties) = preSolution
		HideSolutionNode = FALSE
	EndGlobalSection
EndGlobal
